// !$*UTF8*$!
{
	archiveVersion = 1;
	classes = {
	};
	objectVersion = 46;
	objects = {

/* Begin PBXBuildFile section */
		15371EE31728E3B400A508F4 /* UIKit.framework in Frameworks */ = {isa = PBXBuildFile; fileRef = 15371EE21728E3B400A508F4 /* UIKit.framework */; };
		15371EE51728E3B400A508F4 /* Foundation.framework in Frameworks */ = {isa = PBXBuildFile; fileRef = 15371EE41728E3B400A508F4 /* Foundation.framework */; };
		15371EE71728E3B400A508F4 /* CoreGraphics.framework in Frameworks */ = {isa = PBXBuildFile; fileRef = 15371EE61728E3B400A508F4 /* CoreGraphics.framework */; };
		15371EED1728E3B400A508F4 /* InfoPlist.strings in Resources */ = {isa = PBXBuildFile; fileRef = 15371EEB1728E3B400A508F4 /* InfoPlist.strings */; };
		15371EEF1728E3B400A508F4 /* main.m in Sources */ = {isa = PBXBuildFile; fileRef = 15371EEE1728E3B400A508F4 /* main.m */; };
		15371EF31728E3B400A508F4 /* AppDelegate.m in Sources */ = {isa = PBXBuildFile; fileRef = 15371EF21728E3B400A508F4 /* AppDelegate.m */; };
		15371EF51728E3B400A508F4 /* Default.png in Resources */ = {isa = PBXBuildFile; fileRef = 15371EF41728E3B400A508F4 /* Default.png */; };
		15371EF71728E3B400A508F4 /* Default@2x.png in Resources */ = {isa = PBXBuildFile; fileRef = 15371EF61728E3B400A508F4 /* Default@2x.png */; };
		15371EF91728E3B400A508F4 /* Default-568h@2x.png in Resources */ = {isa = PBXBuildFile; fileRef = 15371EF81728E3B400A508F4 /* Default-568h@2x.png */; };
		15371EFC1728E3B400A508F4 /* MainStoryboard_iPhone.storyboard in Resources */ = {isa = PBXBuildFile; fileRef = 15371EFA1728E3B400A508F4 /* MainStoryboard_iPhone.storyboard */; };
		15371EFF1728E3B400A508F4 /* MainStoryboard_iPad.storyboard in Resources */ = {isa = PBXBuildFile; fileRef = 15371EFD1728E3B400A508F4 /* MainStoryboard_iPad.storyboard */; };
		15371F0B1728E3B400A508F4 /* UIKit.framework in Frameworks */ = {isa = PBXBuildFile; fileRef = 15371EE21728E3B400A508F4 /* UIKit.framework */; };
		15371F0C1728E3B400A508F4 /* Foundation.framework in Frameworks */ = {isa = PBXBuildFile; fileRef = 15371EE41728E3B400A508F4 /* Foundation.framework */; };
		15371F141728E3B400A508F4 /* InfoPlist.strings in Resources */ = {isa = PBXBuildFile; fileRef = 15371F121728E3B400A508F4 /* InfoPlist.strings */; };
		15371F171728E3B400A508F4 /* SlideMenuTests.m in Sources */ = {isa = PBXBuildFile; fileRef = 15371F161728E3B400A508F4 /* SlideMenuTests.m */; };
		15371F281728E44E00A508F4 /* SlideNavigationController.m in Sources */ = {isa = PBXBuildFile; fileRef = 15371F271728E44E00A508F4 /* SlideNavigationController.m */; };
		15C9AC111895A7BF006E6F27 /* SlideNavigationContorllerAnimatorSlide.m in Sources */ = {isa = PBXBuildFile; fileRef = 15C9AC101895A7BF006E6F27 /* SlideNavigationContorllerAnimatorSlide.m */; };
		15C9AC141895A7D7006E6F27 /* SlideNavigationContorllerAnimatorFade.m in Sources */ = {isa = PBXBuildFile; fileRef = 15C9AC131895A7D7006E6F27 /* SlideNavigationContorllerAnimatorFade.m */; };
		15C9AC171895A7E7006E6F27 /* SlideNavigationContorllerAnimatorSlideAndFade.m in Sources */ = {isa = PBXBuildFile; fileRef = 15C9AC161895A7E7006E6F27 /* SlideNavigationContorllerAnimatorSlideAndFade.m */; };
		15C9AC1A1895A80E006E6F27 /* SlideNavigationContorllerAnimatorScale.m in Sources */ = {isa = PBXBuildFile; fileRef = 15C9AC191895A80E006E6F27 /* SlideNavigationContorllerAnimatorScale.m */; };
		15C9AC1D1895A81D006E6F27 /* SlideNavigationContorllerAnimatorScaleAndFade.m in Sources */ = {isa = PBXBuildFile; fileRef = 15C9AC1C1895A81D006E6F27 /* SlideNavigationContorllerAnimatorScaleAndFade.m */; };
		15CBD67C172A15F900F0C53E /* HomeViewController.m in Sources */ = {isa = PBXBuildFile; fileRef = 15CBD677172A15F900F0C53E /* HomeViewController.m */; };
		15CBD67D172A15F900F0C53E /* LeftMenuViewController.m in Sources */ = {isa = PBXBuildFile; fileRef = 15CBD679172A15F900F0C53E /* LeftMenuViewController.m */; };
		15CBD689172A22B700F0C53E /* ProfileDetailViewController.m in Sources */ = {isa = PBXBuildFile; fileRef = 15CBD688172A22B700F0C53E /* ProfileDetailViewController.m */; };
		15CBD699172A57F100F0C53E /* QuartzCore.framework in Frameworks */ = {isa = PBXBuildFile; fileRef = 15CBD698172A57F100F0C53E /* QuartzCore.framework */; };
		15CBD6BE172BBB3600F0C53E /* menu-button@2x.png in Resources */ = {isa = PBXBuildFile; fileRef = 15CBD6BD172BBB3600F0C53E /* menu-button@2x.png */; };
		15CBD6C0172BBB7100F0C53E /* menu-button.png in Resources */ = {isa = PBXBuildFile; fileRef = 15CBD6BF172BBB7100F0C53E /* menu-button.png */; };
		15E7D318190C24E3002EAE3F /* RightMenuViewController.m in Sources */ = {isa = PBXBuildFile; fileRef = 15E7D317190C24E3002EAE3F /* RightMenuViewController.m */; };
		681267961C0EC99200A18A2E /* ArticleCell.m in Sources */ = {isa = PBXBuildFile; fileRef = 681267741C0EC99100A18A2E /* ArticleCell.m */; };
		681267971C0EC99200A18A2E /* ArticleSelectionViewController.m in Sources */ = {isa = PBXBuildFile; fileRef = 681267761C0EC99100A18A2E /* ArticleSelectionViewController.m */; };
		681267981C0EC99200A18A2E /* bell-7.png in Resources */ = {isa = PBXBuildFile; fileRef = 681267771C0EC99100A18A2E /* bell-7.png */; };
		681267991C0EC99200A18A2E /* BTBreadcrumbView.m in Sources */ = {isa = PBXBuildFile; fileRef = 681267791C0EC99100A18A2E /* BTBreadcrumbView.m */; };
		6812679A1C0EC99200A18A2E /* CategoryCell.m in Sources */ = {isa = PBXBuildFile; fileRef = 6812677B1C0EC99100A18A2E /* CategoryCell.m */; };
		6812679B1C0EC99200A18A2E /* CategorySelectionViewController.m in Sources */ = {isa = PBXBuildFile; fileRef = 6812677D1C0EC99100A18A2E /* CategorySelectionViewController.m */; };
		6812679C1C0EC99200A18A2E /* citizenship.jpg in Resources */ = {isa = PBXBuildFile; fileRef = 6812677E1C0EC99100A18A2E /* citizenship.jpg */; };
		6812679D1C0EC99200A18A2E /* CiviSelectionViewController.m in Sources */ = {isa = PBXBuildFile; fileRef = 681267801C0EC99100A18A2E /* CiviSelectionViewController.m */; };
		6812679E1C0EC99200A18A2E /* Disaster.jpg in Resources */ = {isa = PBXBuildFile; fileRef = 681267811C0EC99100A18A2E /* Disaster.jpg */; };
		6812679F1C0EC99200A18A2E /* Economics.jpg in Resources */ = {isa = PBXBuildFile; fileRef = 681267821C0EC99100A18A2E /* Economics.jpg */; };
		681267A01C0EC99200A18A2E /* Education.jpg in Resources */ = {isa = PBXBuildFile; fileRef = 681267831C0EC99100A18A2E /* Education.jpg */; };
		681267A11C0EC99200A18A2E /* Election.jpg in Resources */ = {isa = PBXBuildFile; fileRef = 681267841C0EC99100A18A2E /* Election.jpg */; };
		681267A21C0EC99200A18A2E /* Environment.jpg in Resources */ = {isa = PBXBuildFile; fileRef = 681267851C0EC99100A18A2E /* Environment.jpg */; };
		681267A31C0EC99200A18A2E /* Health.jpg in Resources */ = {isa = PBXBuildFile; fileRef = 681267861C0EC99100A18A2E /* Health.jpg */; };
		681267A41C0EC99200A18A2E /* HiRes-your-vote-counts-1000x1011.jpg in Resources */ = {isa = PBXBuildFile; fileRef = 681267871C0EC99100A18A2E /* HiRes-your-vote-counts-1000x1011.jpg */; };
		681267A51C0EC99200A18A2E /* human-rights.jpg in Resources */ = {isa = PBXBuildFile; fileRef = 681267881C0EC99100A18A2E /* human-rights.jpg */; };
		681267A61C0EC99200A18A2E /* Laws.jpg in Resources */ = {isa = PBXBuildFile; fileRef = 681267891C0EC99100A18A2E /* Laws.jpg */; };
		681267A71C0EC99200A18A2E /* message-7.png in Resources */ = {isa = PBXBuildFile; fileRef = 6812678A1C0EC99100A18A2E /* message-7.png */; };
		681267A81C0EC99200A18A2E /* Military.jpg in Resources */ = {isa = PBXBuildFile; fileRef = 6812678B1C0EC99100A18A2E /* Military.jpg */; };
		681267A91C0EC99200A18A2E /* Political.jpg in Resources */ = {isa = PBXBuildFile; fileRef = 6812678C1C0EC99100A18A2E /* Political.jpg */; };
		681267AA1C0EC99200A18A2E /* Religion.jpg in Resources */ = {isa = PBXBuildFile; fileRef = 6812678D1C0EC99100A18A2E /* Religion.jpg */; };
		681267AB1C0EC99200A18A2E /* Taxes.jpg in Resources */ = {isa = PBXBuildFile; fileRef = 6812678E1C0EC99100A18A2E /* Taxes.jpg */; };
		681267AC1C0EC99200A18A2E /* Technology.jpg in Resources */ = {isa = PBXBuildFile; fileRef = 6812678F1C0EC99100A18A2E /* Technology.jpg */; };
		681267AD1C0EC99200A18A2E /* text-align-justify-7.png in Resources */ = {isa = PBXBuildFile; fileRef = 681267901C0EC99100A18A2E /* text-align-justify-7.png */; };
		681267AE1C0EC99200A18A2E /* Treaties.jpg in Resources */ = {isa = PBXBuildFile; fileRef = 681267911C0EC99100A18A2E /* Treaties.jpg */; };
		681267AF1C0EC99200A18A2E /* EditModeViewController.m in Sources */ = {isa = PBXBuildFile; fileRef = 681267931C0EC99100A18A2E /* EditModeViewController.m */; };
		681267B01C0EC99200A18A2E /* Wars.jpg in Resources */ = {isa = PBXBuildFile; fileRef = 681267941C0EC99100A18A2E /* Wars.jpg */; };
		681267B11C0EC99200A18A2E /* World.jpg in Resources */ = {isa = PBXBuildFile; fileRef = 681267951C0EC99200A18A2E /* World.jpg */; };
		681267B31C0EC99F00A18A2E /* editMode.storyboard in Resources */ = {isa = PBXBuildFile; fileRef = 681267B21C0EC99F00A18A2E /* editMode.storyboard */; };
		68D741D41C0EED9B00D6A189 /* sc.jpg in Resources */ = {isa = PBXBuildFile; fileRef = 68D741D31C0EED9B00D6A189 /* sc.jpg */; };
		68FAA3871C0E85BF00DDF161 /* embed.png in Resources */ = {isa = PBXBuildFile; fileRef = 68FAA37E1C0E85BF00DDF161 /* embed.png */; };
		68FAA3881C0E85BF00DDF161 /* ello.png in Resources */ = {isa = PBXBuildFile; fileRef = 68FAA37F1C0E85BF00DDF161 /* ello.png */; };
		68FAA3891C0E85BF00DDF161 /* thumbit.png in Resources */ = {isa = PBXBuildFile; fileRef = 68FAA3801C0E85BF00DDF161 /* thumbit.png */; };
		68FAA38A1C0E85BF00DDF161 /* chirp.png in Resources */ = {isa = PBXBuildFile; fileRef = 68FAA3811C0E85BF00DDF161 /* chirp.png */; };
		68FAA38B1C0E85BF00DDF161 /* instagram.png in Resources */ = {isa = PBXBuildFile; fileRef = 68FAA3821C0E85BF00DDF161 /* instagram.png */; };
		68FAA38C1C0E85BF00DDF161 /* feedburner.png in Resources */ = {isa = PBXBuildFile; fileRef = 68FAA3831C0E85BF00DDF161 /* feedburner.png */; };
		68FAA38D1C0E85BF00DDF161 /* forrst.png in Resources */ = {isa = PBXBuildFile; fileRef = 68FAA3841C0E85BF00DDF161 /* forrst.png */; };
		68FAA38E1C0E85BF00DDF161 /* sharethis.png in Resources */ = {isa = PBXBuildFile; fileRef = 68FAA3851C0E85BF00DDF161 /* sharethis.png */; };
		68FAA38F1C0E85BF00DDF161 /* mail.png in Resources */ = {isa = PBXBuildFile; fileRef = 68FAA3861C0E85BF00DDF161 /* mail.png */; };
		68FAA3AD1C0E860000DDF161 /* ProfileViewController.m in Sources */ = {isa = PBXBuildFile; fileRef = 68FAA3941C0E860000DDF161 /* ProfileViewController.m */; };
		68FAA3AE1C0E860100DDF161 /* userInfoCtrl1.m in Sources */ = {isa = PBXBuildFile; fileRef = 68FAA3961C0E860000DDF161 /* userInfoCtrl1.m */; };
		68FAA3AF1C0E860100DDF161 /* userInfoCtrl2.m in Sources */ = {isa = PBXBuildFile; fileRef = 68FAA3981C0E860000DDF161 /* userInfoCtrl2.m */; };
		68FAA3B01C0E860100DDF161 /* User.m in Sources */ = {isa = PBXBuildFile; fileRef = 68FAA39B1C0E860000DDF161 /* User.m */; };
		68FAA3B11C0E860100DDF161 /* Profile.storyboard in Resources */ = {isa = PBXBuildFile; fileRef = 68FAA39C1C0E860000DDF161 /* Profile.storyboard */; };
		68FAA3B21C0E860100DDF161 /* awardsView.m in Sources */ = {isa = PBXBuildFile; fileRef = 68FAA39F1C0E860000DDF161 /* awardsView.m */; };
		68FAA3B31C0E860100DDF161 /* descriptionView.m in Sources */ = {isa = PBXBuildFile; fileRef = 68FAA3A11C0E860000DDF161 /* descriptionView.m */; };
		68FAA3B41C0E860100DDF161 /* friendsView.m in Sources */ = {isa = PBXBuildFile; fileRef = 68FAA3A31C0E860000DDF161 /* friendsView.m */; };
		68FAA3B51C0E860100DDF161 /* historyView.m in Sources */ = {isa = PBXBuildFile; fileRef = 68FAA3A51C0E860000DDF161 /* historyView.m */; };
		68FAA3B61C0E860100DDF161 /* pinnedView.m in Sources */ = {isa = PBXBuildFile; fileRef = 68FAA3A71C0E860000DDF161 /* pinnedView.m */; };
		68FAA3B71C0E860100DDF161 /* statsView.m in Sources */ = {isa = PBXBuildFile; fileRef = 68FAA3A91C0E860000DDF161 /* statsView.m */; };
		68FAA3B81C0E860100DDF161 /* userHeader.m in Sources */ = {isa = PBXBuildFile; fileRef = 68FAA3AB1C0E860000DDF161 /* userHeader.m */; };
		68FAA3BA1C0E863B00DDF161 /* profile.png in Resources */ = {isa = PBXBuildFile; fileRef = 68FAA3B91C0E863B00DDF161 /* profile.png */; };
		68FAA3C61C0EB96D00DDF161 /* FeedPage.m in Sources */ = {isa = PBXBuildFile; fileRef = 68FAA3BC1C0EB96D00DDF161 /* FeedPage.m */; };
		68FAA3C71C0EB96D00DDF161 /* TopTenTable.m in Sources */ = {isa = PBXBuildFile; fileRef = 68FAA3BD1C0EB96D00DDF161 /* TopTenTable.m */; };
		68FAA3C81C0EB96D00DDF161 /* Feed.storyboard in Resources */ = {isa = PBXBuildFile; fileRef = 68FAA3C01C0EB96D00DDF161 /* Feed.storyboard */; };
		68FAA3C91C0EB96D00DDF161 /* WebInterface.m in Sources */ = {isa = PBXBuildFile; fileRef = 68FAA3C11C0EB96D00DDF161 /* WebInterface.m */; };
		68FAA3CB1C0EB96D00DDF161 /* TopTenTableCell.m in Sources */ = {isa = PBXBuildFile; fileRef = 68FAA3C51C0EB96D00DDF161 /* TopTenTableCell.m */; };
		68FAA3D21C0EC2A600DDF161 /* NavController.m in Sources */ = {isa = PBXBuildFile; fileRef = 68FAA3CF1C0EC2A600DDF161 /* NavController.m */; };
		68FAA3D31C0EC2A600DDF161 /* LoginUser.m in Sources */ = {isa = PBXBuildFile; fileRef = 68FAA3D11C0EC2A600DDF161 /* LoginUser.m */; };
		68FAA3E81C0EC2EB00DDF161 /* civiwiki_banner.jpg in Resources */ = {isa = PBXBuildFile; fileRef = 68FAA3D41C0EC2EB00DDF161 /* civiwiki_banner.jpg */; };
		68FAA3E91C0EC2EB00DDF161 /* EmailViewController.m in Sources */ = {isa = PBXBuildFile; fileRef = 68FAA3D61C0EC2EB00DDF161 /* EmailViewController.m */; };
		68FAA3EA1C0EC2EB00DDF161 /* LoginMainViewController.m in Sources */ = {isa = PBXBuildFile; fileRef = 68FAA3D81C0EC2EB00DDF161 /* LoginMainViewController.m */; };
		68FAA3EB1C0EC2EB00DDF161 /* LogInViewController.m in Sources */ = {isa = PBXBuildFile; fileRef = 68FAA3DA1C0EC2EB00DDF161 /* LogInViewController.m */; };
		68FAA3EC1C0EC2EB00DDF161 /* NameViewController.m in Sources */ = {isa = PBXBuildFile; fileRef = 68FAA3DC1C0EC2EB00DDF161 /* NameViewController.m */; };
		68FAA3ED1C0EC2EB00DDF161 /* NumberViewController.m in Sources */ = {isa = PBXBuildFile; fileRef = 68FAA3DE1C0EC2EB00DDF161 /* NumberViewController.m */; };
		68FAA3EE1C0EC2EB00DDF161 /* PasswordViewController.m in Sources */ = {isa = PBXBuildFile; fileRef = 68FAA3E01C0EC2EB00DDF161 /* PasswordViewController.m */; };
		68FAA3EF1C0EC2EB00DDF161 /* SignUpViewController.m in Sources */ = {isa = PBXBuildFile; fileRef = 68FAA3E21C0EC2EB00DDF161 /* SignUpViewController.m */; };
		68FAA3F01C0EC2EB00DDF161 /* UsernameViewController.m in Sources */ = {isa = PBXBuildFile; fileRef = 68FAA3E41C0EC2EB00DDF161 /* UsernameViewController.m */; };
		68FAA3F11C0EC2EB00DDF161 /* WelcomeViewController.m in Sources */ = {isa = PBXBuildFile; fileRef = 68FAA3E61C0EC2EB00DDF161 /* WelcomeViewController.m */; };
		68FAA3F21C0EC2EB00DDF161 /* wikiLogo.png in Resources */ = {isa = PBXBuildFile; fileRef = 68FAA3E71C0EC2EB00DDF161 /* wikiLogo.png */; };
		68FAA3F41C0EC30300DDF161 /* Login.storyboard in Resources */ = {isa = PBXBuildFile; fileRef = 68FAA3F31C0EC30300DDF161 /* Login.storyboard */; };
		997929E2187336AA00716C77 /* FriendsViewController.m in Sources */ = {isa = PBXBuildFile; fileRef = 997929E1187336AA00716C77 /* FriendsViewController.m */; };
/* End PBXBuildFile section */

/* Begin PBXContainerItemProxy section */
		15371F0D1728E3B400A508F4 /* PBXContainerItemProxy */ = {
			isa = PBXContainerItemProxy;
			containerPortal = 15371ED51728E3B400A508F4 /* Project object */;
			proxyType = 1;
			remoteGlobalIDString = 15371EDD1728E3B400A508F4;
			remoteInfo = SlideMenu;
		};
/* End PBXContainerItemProxy section */

/* Begin PBXFileReference section */
		15371EDE1728E3B400A508F4 /* CiviWiki.app */ = {isa = PBXFileReference; explicitFileType = wrapper.application; includeInIndex = 0; path = CiviWiki.app; sourceTree = BUILT_PRODUCTS_DIR; };
		15371EE21728E3B400A508F4 /* UIKit.framework */ = {isa = PBXFileReference; lastKnownFileType = wrapper.framework; name = UIKit.framework; path = System/Library/Frameworks/UIKit.framework; sourceTree = SDKROOT; };
		15371EE41728E3B400A508F4 /* Foundation.framework */ = {isa = PBXFileReference; lastKnownFileType = wrapper.framework; name = Foundation.framework; path = System/Library/Frameworks/Foundation.framework; sourceTree = SDKROOT; };
		15371EE61728E3B400A508F4 /* CoreGraphics.framework */ = {isa = PBXFileReference; lastKnownFileType = wrapper.framework; name = CoreGraphics.framework; path = System/Library/Frameworks/CoreGraphics.framework; sourceTree = SDKROOT; };
		15371EEA1728E3B400A508F4 /* CiviWiki-Info.plist */ = {isa = PBXFileReference; lastKnownFileType = text.plist.xml; path = "CiviWiki-Info.plist"; sourceTree = "<group>"; };
		15371EEC1728E3B400A508F4 /* en */ = {isa = PBXFileReference; lastKnownFileType = text.plist.strings; name = en; path = en.lproj/InfoPlist.strings; sourceTree = "<group>"; };
		15371EEE1728E3B400A508F4 /* main.m */ = {isa = PBXFileReference; lastKnownFileType = sourcecode.c.objc; path = main.m; sourceTree = "<group>"; };
		15371EF01728E3B400A508F4 /* CiviWiki-Prefix.pch */ = {isa = PBXFileReference; lastKnownFileType = sourcecode.c.h; path = "CiviWiki-Prefix.pch"; sourceTree = "<group>"; };
		15371EF11728E3B400A508F4 /* AppDelegate.h */ = {isa = PBXFileReference; lastKnownFileType = sourcecode.c.h; path = AppDelegate.h; sourceTree = "<group>"; };
		15371EF21728E3B400A508F4 /* AppDelegate.m */ = {isa = PBXFileReference; lastKnownFileType = sourcecode.c.objc; path = AppDelegate.m; sourceTree = "<group>"; };
		15371EF41728E3B400A508F4 /* Default.png */ = {isa = PBXFileReference; lastKnownFileType = image.png; path = Default.png; sourceTree = "<group>"; };
		15371EF61728E3B400A508F4 /* Default@2x.png */ = {isa = PBXFileReference; lastKnownFileType = image.png; path = "Default@2x.png"; sourceTree = "<group>"; };
		15371EF81728E3B400A508F4 /* Default-568h@2x.png */ = {isa = PBXFileReference; lastKnownFileType = image.png; path = "Default-568h@2x.png"; sourceTree = "<group>"; };
		15371EFB1728E3B400A508F4 /* en */ = {isa = PBXFileReference; lastKnownFileType = file.storyboard; name = en; path = en.lproj/MainStoryboard_iPhone.storyboard; sourceTree = "<group>"; };
		15371EFE1728E3B400A508F4 /* en */ = {isa = PBXFileReference; lastKnownFileType = file.storyboard; name = en; path = en.lproj/MainStoryboard_iPad.storyboard; sourceTree = "<group>"; };
		15371F081728E3B400A508F4 /* CiviWiki.xctest */ = {isa = PBXFileReference; explicitFileType = wrapper.cfbundle; includeInIndex = 0; path = CiviWiki.xctest; sourceTree = BUILT_PRODUCTS_DIR; };
		15371F111728E3B400A508F4 /* CiviWikiTests-Info.plist */ = {isa = PBXFileReference; lastKnownFileType = text.plist.xml; path = "CiviWikiTests-Info.plist"; sourceTree = "<group>"; };
		15371F131728E3B400A508F4 /* en */ = {isa = PBXFileReference; lastKnownFileType = text.plist.strings; name = en; path = en.lproj/InfoPlist.strings; sourceTree = "<group>"; };
		15371F151728E3B400A508F4 /* SlideMenuTests.h */ = {isa = PBXFileReference; lastKnownFileType = sourcecode.c.h; path = SlideMenuTests.h; sourceTree = "<group>"; };
		15371F161728E3B400A508F4 /* SlideMenuTests.m */ = {isa = PBXFileReference; lastKnownFileType = sourcecode.c.objc; path = SlideMenuTests.m; sourceTree = "<group>"; };
		15371F261728E44E00A508F4 /* SlideNavigationController.h */ = {isa = PBXFileReference; fileEncoding = 4; lastKnownFileType = sourcecode.c.h; path = SlideNavigationController.h; sourceTree = "<group>"; };
		15371F271728E44E00A508F4 /* SlideNavigationController.m */ = {isa = PBXFileReference; fileEncoding = 4; lastKnownFileType = sourcecode.c.objc; path = SlideNavigationController.m; sourceTree = "<group>"; };
		15C9AC0F1895A7BF006E6F27 /* SlideNavigationContorllerAnimatorSlide.h */ = {isa = PBXFileReference; fileEncoding = 4; lastKnownFileType = sourcecode.c.h; path = SlideNavigationContorllerAnimatorSlide.h; sourceTree = "<group>"; };
		15C9AC101895A7BF006E6F27 /* SlideNavigationContorllerAnimatorSlide.m */ = {isa = PBXFileReference; fileEncoding = 4; lastKnownFileType = sourcecode.c.objc; path = SlideNavigationContorllerAnimatorSlide.m; sourceTree = "<group>"; };
		15C9AC121895A7D7006E6F27 /* SlideNavigationContorllerAnimatorFade.h */ = {isa = PBXFileReference; fileEncoding = 4; lastKnownFileType = sourcecode.c.h; path = SlideNavigationContorllerAnimatorFade.h; sourceTree = "<group>"; };
		15C9AC131895A7D7006E6F27 /* SlideNavigationContorllerAnimatorFade.m */ = {isa = PBXFileReference; fileEncoding = 4; lastKnownFileType = sourcecode.c.objc; path = SlideNavigationContorllerAnimatorFade.m; sourceTree = "<group>"; };
		15C9AC151895A7E7006E6F27 /* SlideNavigationContorllerAnimatorSlideAndFade.h */ = {isa = PBXFileReference; fileEncoding = 4; lastKnownFileType = sourcecode.c.h; path = SlideNavigationContorllerAnimatorSlideAndFade.h; sourceTree = "<group>"; };
		15C9AC161895A7E7006E6F27 /* SlideNavigationContorllerAnimatorSlideAndFade.m */ = {isa = PBXFileReference; fileEncoding = 4; lastKnownFileType = sourcecode.c.objc; path = SlideNavigationContorllerAnimatorSlideAndFade.m; sourceTree = "<group>"; };
		15C9AC181895A80E006E6F27 /* SlideNavigationContorllerAnimatorScale.h */ = {isa = PBXFileReference; fileEncoding = 4; lastKnownFileType = sourcecode.c.h; path = SlideNavigationContorllerAnimatorScale.h; sourceTree = "<group>"; };
		15C9AC191895A80E006E6F27 /* SlideNavigationContorllerAnimatorScale.m */ = {isa = PBXFileReference; fileEncoding = 4; lastKnownFileType = sourcecode.c.objc; path = SlideNavigationContorllerAnimatorScale.m; sourceTree = "<group>"; };
		15C9AC1B1895A81D006E6F27 /* SlideNavigationContorllerAnimatorScaleAndFade.h */ = {isa = PBXFileReference; fileEncoding = 4; lastKnownFileType = sourcecode.c.h; path = SlideNavigationContorllerAnimatorScaleAndFade.h; sourceTree = "<group>"; };
		15C9AC1C1895A81D006E6F27 /* SlideNavigationContorllerAnimatorScaleAndFade.m */ = {isa = PBXFileReference; fileEncoding = 4; lastKnownFileType = sourcecode.c.objc; path = SlideNavigationContorllerAnimatorScaleAndFade.m; sourceTree = "<group>"; };
		15C9AC1E1895A832006E6F27 /* SlideNavigationContorllerAnimator.h */ = {isa = PBXFileReference; fileEncoding = 4; lastKnownFileType = sourcecode.c.h; path = SlideNavigationContorllerAnimator.h; sourceTree = "<group>"; };
		15CBD676172A15F900F0C53E /* HomeViewController.h */ = {isa = PBXFileReference; fileEncoding = 4; lastKnownFileType = sourcecode.c.h; path = HomeViewController.h; sourceTree = "<group>"; };
		15CBD677172A15F900F0C53E /* HomeViewController.m */ = {isa = PBXFileReference; fileEncoding = 4; lastKnownFileType = sourcecode.c.objc; path = HomeViewController.m; sourceTree = "<group>"; };
		15CBD678172A15F900F0C53E /* LeftMenuViewController.h */ = {isa = PBXFileReference; fileEncoding = 4; lastKnownFileType = sourcecode.c.h; path = LeftMenuViewController.h; sourceTree = "<group>"; };
		15CBD679172A15F900F0C53E /* LeftMenuViewController.m */ = {isa = PBXFileReference; fileEncoding = 4; lastKnownFileType = sourcecode.c.objc; path = LeftMenuViewController.m; sourceTree = "<group>"; };
		15CBD687172A22B600F0C53E /* ProfileDetailViewController.h */ = {isa = PBXFileReference; fileEncoding = 4; lastKnownFileType = sourcecode.c.h; path = ProfileDetailViewController.h; sourceTree = "<group>"; };
		15CBD688172A22B700F0C53E /* ProfileDetailViewController.m */ = {isa = PBXFileReference; fileEncoding = 4; lastKnownFileType = sourcecode.c.objc; path = ProfileDetailViewController.m; sourceTree = "<group>"; };
		15CBD698172A57F100F0C53E /* QuartzCore.framework */ = {isa = PBXFileReference; lastKnownFileType = wrapper.framework; name = QuartzCore.framework; path = System/Library/Frameworks/QuartzCore.framework; sourceTree = SDKROOT; };
		15CBD6BD172BBB3600F0C53E /* menu-button@2x.png */ = {isa = PBXFileReference; lastKnownFileType = image.png; path = "menu-button@2x.png"; sourceTree = "<group>"; };
		15CBD6BF172BBB7100F0C53E /* menu-button.png */ = {isa = PBXFileReference; lastKnownFileType = image.png; path = "menu-button.png"; sourceTree = "<group>"; };
		15E7D316190C24E3002EAE3F /* RightMenuViewController.h */ = {isa = PBXFileReference; fileEncoding = 4; lastKnownFileType = sourcecode.c.h; path = RightMenuViewController.h; sourceTree = "<group>"; };
		15E7D317190C24E3002EAE3F /* RightMenuViewController.m */ = {isa = PBXFileReference; fileEncoding = 4; lastKnownFileType = sourcecode.c.objc; path = RightMenuViewController.m; sourceTree = "<group>"; };
		681267731C0EC99100A18A2E /* ArticleCell.h */ = {isa = PBXFileReference; fileEncoding = 4; lastKnownFileType = sourcecode.c.h; path = ArticleCell.h; sourceTree = "<group>"; };
		681267741C0EC99100A18A2E /* ArticleCell.m */ = {isa = PBXFileReference; fileEncoding = 4; lastKnownFileType = sourcecode.c.objc; path = ArticleCell.m; sourceTree = "<group>"; };
		681267751C0EC99100A18A2E /* ArticleSelectionViewController.h */ = {isa = PBXFileReference; fileEncoding = 4; lastKnownFileType = sourcecode.c.h; path = ArticleSelectionViewController.h; sourceTree = "<group>"; };
		681267761C0EC99100A18A2E /* ArticleSelectionViewController.m */ = {isa = PBXFileReference; fileEncoding = 4; lastKnownFileType = sourcecode.c.objc; path = ArticleSelectionViewController.m; sourceTree = "<group>"; };
		681267771C0EC99100A18A2E /* bell-7.png */ = {isa = PBXFileReference; lastKnownFileType = image.png; path = "bell-7.png"; sourceTree = "<group>"; };
		681267781C0EC99100A18A2E /* BTBreadcrumbView.h */ = {isa = PBXFileReference; fileEncoding = 4; lastKnownFileType = sourcecode.c.h; path = BTBreadcrumbView.h; sourceTree = "<group>"; };
		681267791C0EC99100A18A2E /* BTBreadcrumbView.m */ = {isa = PBXFileReference; fileEncoding = 4; lastKnownFileType = sourcecode.c.objc; path = BTBreadcrumbView.m; sourceTree = "<group>"; };
		6812677A1C0EC99100A18A2E /* CategoryCell.h */ = {isa = PBXFileReference; fileEncoding = 4; lastKnownFileType = sourcecode.c.h; path = CategoryCell.h; sourceTree = "<group>"; };
		6812677B1C0EC99100A18A2E /* CategoryCell.m */ = {isa = PBXFileReference; fileEncoding = 4; lastKnownFileType = sourcecode.c.objc; path = CategoryCell.m; sourceTree = "<group>"; };
		6812677C1C0EC99100A18A2E /* CategorySelectionViewController.h */ = {isa = PBXFileReference; fileEncoding = 4; lastKnownFileType = sourcecode.c.h; path = CategorySelectionViewController.h; sourceTree = "<group>"; };
		6812677D1C0EC99100A18A2E /* CategorySelectionViewController.m */ = {isa = PBXFileReference; fileEncoding = 4; lastKnownFileType = sourcecode.c.objc; path = CategorySelectionViewController.m; sourceTree = "<group>"; };
		6812677E1C0EC99100A18A2E /* citizenship.jpg */ = {isa = PBXFileReference; lastKnownFileType = image.jpeg; path = citizenship.jpg; sourceTree = "<group>"; };
		6812677F1C0EC99100A18A2E /* CiviSelectionViewController.h */ = {isa = PBXFileReference; fileEncoding = 4; lastKnownFileType = sourcecode.c.h; path = CiviSelectionViewController.h; sourceTree = "<group>"; };
		681267801C0EC99100A18A2E /* CiviSelectionViewController.m */ = {isa = PBXFileReference; fileEncoding = 4; lastKnownFileType = sourcecode.c.objc; path = CiviSelectionViewController.m; sourceTree = "<group>"; };
		681267811C0EC99100A18A2E /* Disaster.jpg */ = {isa = PBXFileReference; lastKnownFileType = image.jpeg; path = Disaster.jpg; sourceTree = "<group>"; };
		681267821C0EC99100A18A2E /* Economics.jpg */ = {isa = PBXFileReference; lastKnownFileType = image.jpeg; path = Economics.jpg; sourceTree = "<group>"; };
		681267831C0EC99100A18A2E /* Education.jpg */ = {isa = PBXFileReference; lastKnownFileType = image.jpeg; path = Education.jpg; sourceTree = "<group>"; };
		681267841C0EC99100A18A2E /* Election.jpg */ = {isa = PBXFileReference; lastKnownFileType = image.jpeg; path = Election.jpg; sourceTree = "<group>"; };
		681267851C0EC99100A18A2E /* Environment.jpg */ = {isa = PBXFileReference; lastKnownFileType = image.jpeg; path = Environment.jpg; sourceTree = "<group>"; };
		681267861C0EC99100A18A2E /* Health.jpg */ = {isa = PBXFileReference; lastKnownFileType = image.jpeg; path = Health.jpg; sourceTree = "<group>"; };
		681267871C0EC99100A18A2E /* HiRes-your-vote-counts-1000x1011.jpg */ = {isa = PBXFileReference; lastKnownFileType = image.jpeg; path = "HiRes-your-vote-counts-1000x1011.jpg"; sourceTree = "<group>"; };
		681267881C0EC99100A18A2E /* human-rights.jpg */ = {isa = PBXFileReference; lastKnownFileType = image.jpeg; path = "human-rights.jpg"; sourceTree = "<group>"; };
		681267891C0EC99100A18A2E /* Laws.jpg */ = {isa = PBXFileReference; lastKnownFileType = image.jpeg; path = Laws.jpg; sourceTree = "<group>"; };
		6812678A1C0EC99100A18A2E /* message-7.png */ = {isa = PBXFileReference; lastKnownFileType = image.png; path = "message-7.png"; sourceTree = "<group>"; };
		6812678B1C0EC99100A18A2E /* Military.jpg */ = {isa = PBXFileReference; lastKnownFileType = image.jpeg; path = Military.jpg; sourceTree = "<group>"; };
		6812678C1C0EC99100A18A2E /* Political.jpg */ = {isa = PBXFileReference; lastKnownFileType = image.jpeg; path = Political.jpg; sourceTree = "<group>"; };
		6812678D1C0EC99100A18A2E /* Religion.jpg */ = {isa = PBXFileReference; lastKnownFileType = image.jpeg; path = Religion.jpg; sourceTree = "<group>"; };
		6812678E1C0EC99100A18A2E /* Taxes.jpg */ = {isa = PBXFileReference; lastKnownFileType = image.jpeg; path = Taxes.jpg; sourceTree = "<group>"; };
		6812678F1C0EC99100A18A2E /* Technology.jpg */ = {isa = PBXFileReference; lastKnownFileType = image.jpeg; path = Technology.jpg; sourceTree = "<group>"; };
		681267901C0EC99100A18A2E /* text-align-justify-7.png */ = {isa = PBXFileReference; lastKnownFileType = image.png; path = "text-align-justify-7.png"; sourceTree = "<group>"; };
		681267911C0EC99100A18A2E /* Treaties.jpg */ = {isa = PBXFileReference; lastKnownFileType = image.jpeg; path = Treaties.jpg; sourceTree = "<group>"; };
		681267921C0EC99100A18A2E /* EditModeViewController.h */ = {isa = PBXFileReference; fileEncoding = 4; lastKnownFileType = sourcecode.c.h; path = EditModeViewController.h; sourceTree = "<group>"; };
		681267931C0EC99100A18A2E /* EditModeViewController.m */ = {isa = PBXFileReference; fileEncoding = 4; lastKnownFileType = sourcecode.c.objc; path = EditModeViewController.m; sourceTree = "<group>"; };
		681267941C0EC99100A18A2E /* Wars.jpg */ = {isa = PBXFileReference; lastKnownFileType = image.jpeg; path = Wars.jpg; sourceTree = "<group>"; };
		681267951C0EC99200A18A2E /* World.jpg */ = {isa = PBXFileReference; lastKnownFileType = image.jpeg; path = World.jpg; sourceTree = "<group>"; };
		681267B21C0EC99F00A18A2E /* editMode.storyboard */ = {isa = PBXFileReference; fileEncoding = 4; lastKnownFileType = file.storyboard; path = editMode.storyboard; sourceTree = "<group>"; };
		68D741D31C0EED9B00D6A189 /* sc.jpg */ = {isa = PBXFileReference; lastKnownFileType = image.jpeg; path = sc.jpg; sourceTree = "<group>"; };
		68FAA37E1C0E85BF00DDF161 /* embed.png */ = {isa = PBXFileReference; lastKnownFileType = image.png; path = embed.png; sourceTree = "<group>"; };
		68FAA37F1C0E85BF00DDF161 /* ello.png */ = {isa = PBXFileReference; lastKnownFileType = image.png; path = ello.png; sourceTree = "<group>"; };
		68FAA3801C0E85BF00DDF161 /* thumbit.png */ = {isa = PBXFileReference; lastKnownFileType = image.png; path = thumbit.png; sourceTree = "<group>"; };
		68FAA3811C0E85BF00DDF161 /* chirp.png */ = {isa = PBXFileReference; lastKnownFileType = image.png; path = chirp.png; sourceTree = "<group>"; };
		68FAA3821C0E85BF00DDF161 /* instagram.png */ = {isa = PBXFileReference; lastKnownFileType = image.png; path = instagram.png; sourceTree = "<group>"; };
		68FAA3831C0E85BF00DDF161 /* feedburner.png */ = {isa = PBXFileReference; lastKnownFileType = image.png; path = feedburner.png; sourceTree = "<group>"; };
		68FAA3841C0E85BF00DDF161 /* forrst.png */ = {isa = PBXFileReference; lastKnownFileType = image.png; path = forrst.png; sourceTree = "<group>"; };
		68FAA3851C0E85BF00DDF161 /* sharethis.png */ = {isa = PBXFileReference; lastKnownFileType = image.png; path = sharethis.png; sourceTree = "<group>"; };
		68FAA3861C0E85BF00DDF161 /* mail.png */ = {isa = PBXFileReference; lastKnownFileType = image.png; path = mail.png; sourceTree = "<group>"; };
		68FAA3931C0E860000DDF161 /* ProfileViewController.h */ = {isa = PBXFileReference; fileEncoding = 4; lastKnownFileType = sourcecode.c.h; path = ProfileViewController.h; sourceTree = "<group>"; };
		68FAA3941C0E860000DDF161 /* ProfileViewController.m */ = {isa = PBXFileReference; fileEncoding = 4; lastKnownFileType = sourcecode.c.objc; path = ProfileViewController.m; sourceTree = "<group>"; };
		68FAA3951C0E860000DDF161 /* userInfoCtrl1.h */ = {isa = PBXFileReference; fileEncoding = 4; lastKnownFileType = sourcecode.c.h; path = userInfoCtrl1.h; sourceTree = "<group>"; };
		68FAA3961C0E860000DDF161 /* userInfoCtrl1.m */ = {isa = PBXFileReference; fileEncoding = 4; lastKnownFileType = sourcecode.c.objc; path = userInfoCtrl1.m; sourceTree = "<group>"; };
		68FAA3971C0E860000DDF161 /* userInfoCtrl2.h */ = {isa = PBXFileReference; fileEncoding = 4; lastKnownFileType = sourcecode.c.h; path = userInfoCtrl2.h; sourceTree = "<group>"; };
		68FAA3981C0E860000DDF161 /* userInfoCtrl2.m */ = {isa = PBXFileReference; fileEncoding = 4; lastKnownFileType = sourcecode.c.objc; path = userInfoCtrl2.m; sourceTree = "<group>"; };
		68FAA39A1C0E860000DDF161 /* User.h */ = {isa = PBXFileReference; fileEncoding = 4; lastKnownFileType = sourcecode.c.h; path = User.h; sourceTree = "<group>"; };
		68FAA39B1C0E860000DDF161 /* User.m */ = {isa = PBXFileReference; fileEncoding = 4; lastKnownFileType = sourcecode.c.objc; path = User.m; sourceTree = "<group>"; };
		68FAA39C1C0E860000DDF161 /* Profile.storyboard */ = {isa = PBXFileReference; fileEncoding = 4; lastKnownFileType = file.storyboard; path = Profile.storyboard; sourceTree = "<group>"; };
		68FAA39E1C0E860000DDF161 /* awardsView.h */ = {isa = PBXFileReference; fileEncoding = 4; lastKnownFileType = sourcecode.c.h; path = awardsView.h; sourceTree = "<group>"; };
		68FAA39F1C0E860000DDF161 /* awardsView.m */ = {isa = PBXFileReference; fileEncoding = 4; lastKnownFileType = sourcecode.c.objc; path = awardsView.m; sourceTree = "<group>"; };
		68FAA3A01C0E860000DDF161 /* descriptionView.h */ = {isa = PBXFileReference; fileEncoding = 4; lastKnownFileType = sourcecode.c.h; path = descriptionView.h; sourceTree = "<group>"; };
		68FAA3A11C0E860000DDF161 /* descriptionView.m */ = {isa = PBXFileReference; fileEncoding = 4; lastKnownFileType = sourcecode.c.objc; path = descriptionView.m; sourceTree = "<group>"; };
		68FAA3A21C0E860000DDF161 /* friendsView.h */ = {isa = PBXFileReference; fileEncoding = 4; lastKnownFileType = sourcecode.c.h; path = friendsView.h; sourceTree = "<group>"; };
		68FAA3A31C0E860000DDF161 /* friendsView.m */ = {isa = PBXFileReference; fileEncoding = 4; lastKnownFileType = sourcecode.c.objc; path = friendsView.m; sourceTree = "<group>"; };
		68FAA3A41C0E860000DDF161 /* historyView.h */ = {isa = PBXFileReference; fileEncoding = 4; lastKnownFileType = sourcecode.c.h; path = historyView.h; sourceTree = "<group>"; };
		68FAA3A51C0E860000DDF161 /* historyView.m */ = {isa = PBXFileReference; fileEncoding = 4; lastKnownFileType = sourcecode.c.objc; path = historyView.m; sourceTree = "<group>"; };
		68FAA3A61C0E860000DDF161 /* pinnedView.h */ = {isa = PBXFileReference; fileEncoding = 4; lastKnownFileType = sourcecode.c.h; path = pinnedView.h; sourceTree = "<group>"; };
		68FAA3A71C0E860000DDF161 /* pinnedView.m */ = {isa = PBXFileReference; fileEncoding = 4; lastKnownFileType = sourcecode.c.objc; path = pinnedView.m; sourceTree = "<group>"; };
		68FAA3A81C0E860000DDF161 /* statsView.h */ = {isa = PBXFileReference; fileEncoding = 4; lastKnownFileType = sourcecode.c.h; path = statsView.h; sourceTree = "<group>"; };
		68FAA3A91C0E860000DDF161 /* statsView.m */ = {isa = PBXFileReference; fileEncoding = 4; lastKnownFileType = sourcecode.c.objc; path = statsView.m; sourceTree = "<group>"; };
		68FAA3AA1C0E860000DDF161 /* userHeader.h */ = {isa = PBXFileReference; fileEncoding = 4; lastKnownFileType = sourcecode.c.h; path = userHeader.h; sourceTree = "<group>"; };
		68FAA3AB1C0E860000DDF161 /* userHeader.m */ = {isa = PBXFileReference; fileEncoding = 4; lastKnownFileType = sourcecode.c.objc; path = userHeader.m; sourceTree = "<group>"; };
		68FAA3B91C0E863B00DDF161 /* profile.png */ = {isa = PBXFileReference; lastKnownFileType = image.png; path = profile.png; sourceTree = "<group>"; };
		68FAA3BC1C0EB96D00DDF161 /* FeedPage.m */ = {isa = PBXFileReference; fileEncoding = 4; lastKnownFileType = sourcecode.c.objc; path = FeedPage.m; sourceTree = "<group>"; };
		68FAA3BD1C0EB96D00DDF161 /* TopTenTable.m */ = {isa = PBXFileReference; fileEncoding = 4; lastKnownFileType = sourcecode.c.objc; path = TopTenTable.m; sourceTree = "<group>"; };
		68FAA3BE1C0EB96D00DDF161 /* TopTenTable.h */ = {isa = PBXFileReference; fileEncoding = 4; lastKnownFileType = sourcecode.c.h; path = TopTenTable.h; sourceTree = "<group>"; };
		68FAA3BF1C0EB96D00DDF161 /* FeedPage.h */ = {isa = PBXFileReference; fileEncoding = 4; lastKnownFileType = sourcecode.c.h; path = FeedPage.h; sourceTree = "<group>"; };
		68FAA3C01C0EB96D00DDF161 /* Feed.storyboard */ = {isa = PBXFileReference; fileEncoding = 4; lastKnownFileType = file.storyboard; path = Feed.storyboard; sourceTree = "<group>"; };
		68FAA3C11C0EB96D00DDF161 /* WebInterface.m */ = {isa = PBXFileReference; fileEncoding = 4; lastKnownFileType = sourcecode.c.objc; path = WebInterface.m; sourceTree = "<group>"; };
		68FAA3C41C0EB96D00DDF161 /* TopTenTableCell.h */ = {isa = PBXFileReference; fileEncoding = 4; lastKnownFileType = sourcecode.c.h; path = TopTenTableCell.h; sourceTree = "<group>"; };
		68FAA3C51C0EB96D00DDF161 /* TopTenTableCell.m */ = {isa = PBXFileReference; fileEncoding = 4; lastKnownFileType = sourcecode.c.objc; path = TopTenTableCell.m; sourceTree = "<group>"; };
		68FAA3CC1C0EBA7400DDF161 /* WebInterface.h */ = {isa = PBXFileReference; lastKnownFileType = sourcecode.c.h; path = WebInterface.h; sourceTree = "<group>"; };
		68FAA3CE1C0EC2A600DDF161 /* NavController.h */ = {isa = PBXFileReference; fileEncoding = 4; lastKnownFileType = sourcecode.c.h; path = NavController.h; sourceTree = "<group>"; };
		68FAA3CF1C0EC2A600DDF161 /* NavController.m */ = {isa = PBXFileReference; fileEncoding = 4; lastKnownFileType = sourcecode.c.objc; path = NavController.m; sourceTree = "<group>"; };
		68FAA3D01C0EC2A600DDF161 /* LoginUser.h */ = {isa = PBXFileReference; fileEncoding = 4; lastKnownFileType = sourcecode.c.h; path = LoginUser.h; sourceTree = "<group>"; };
		68FAA3D11C0EC2A600DDF161 /* LoginUser.m */ = {isa = PBXFileReference; fileEncoding = 4; lastKnownFileType = sourcecode.c.objc; path = LoginUser.m; sourceTree = "<group>"; };
		68FAA3D41C0EC2EB00DDF161 /* civiwiki_banner.jpg */ = {isa = PBXFileReference; lastKnownFileType = image.jpeg; path = civiwiki_banner.jpg; sourceTree = "<group>"; };
		68FAA3D51C0EC2EB00DDF161 /* EmailViewController.h */ = {isa = PBXFileReference; fileEncoding = 4; lastKnownFileType = sourcecode.c.h; path = EmailViewController.h; sourceTree = "<group>"; };
		68FAA3D61C0EC2EB00DDF161 /* EmailViewController.m */ = {isa = PBXFileReference; fileEncoding = 4; lastKnownFileType = sourcecode.c.objc; path = EmailViewController.m; sourceTree = "<group>"; };
		68FAA3D71C0EC2EB00DDF161 /* LoginMainViewController.h */ = {isa = PBXFileReference; fileEncoding = 4; lastKnownFileType = sourcecode.c.h; path = LoginMainViewController.h; sourceTree = "<group>"; };
		68FAA3D81C0EC2EB00DDF161 /* LoginMainViewController.m */ = {isa = PBXFileReference; fileEncoding = 4; lastKnownFileType = sourcecode.c.objc; path = LoginMainViewController.m; sourceTree = "<group>"; };
		68FAA3D91C0EC2EB00DDF161 /* LogInViewController.h */ = {isa = PBXFileReference; fileEncoding = 4; lastKnownFileType = sourcecode.c.h; path = LogInViewController.h; sourceTree = "<group>"; };
		68FAA3DA1C0EC2EB00DDF161 /* LogInViewController.m */ = {isa = PBXFileReference; fileEncoding = 4; lastKnownFileType = sourcecode.c.objc; path = LogInViewController.m; sourceTree = "<group>"; };
		68FAA3DB1C0EC2EB00DDF161 /* NameViewController.h */ = {isa = PBXFileReference; fileEncoding = 4; lastKnownFileType = sourcecode.c.h; path = NameViewController.h; sourceTree = "<group>"; };
		68FAA3DC1C0EC2EB00DDF161 /* NameViewController.m */ = {isa = PBXFileReference; fileEncoding = 4; lastKnownFileType = sourcecode.c.objc; path = NameViewController.m; sourceTree = "<group>"; };
		68FAA3DD1C0EC2EB00DDF161 /* NumberViewController.h */ = {isa = PBXFileReference; fileEncoding = 4; lastKnownFileType = sourcecode.c.h; path = NumberViewController.h; sourceTree = "<group>"; };
		68FAA3DE1C0EC2EB00DDF161 /* NumberViewController.m */ = {isa = PBXFileReference; fileEncoding = 4; lastKnownFileType = sourcecode.c.objc; path = NumberViewController.m; sourceTree = "<group>"; };
		68FAA3DF1C0EC2EB00DDF161 /* PasswordViewController.h */ = {isa = PBXFileReference; fileEncoding = 4; lastKnownFileType = sourcecode.c.h; path = PasswordViewController.h; sourceTree = "<group>"; };
		68FAA3E01C0EC2EB00DDF161 /* PasswordViewController.m */ = {isa = PBXFileReference; fileEncoding = 4; lastKnownFileType = sourcecode.c.objc; path = PasswordViewController.m; sourceTree = "<group>"; };
		68FAA3E11C0EC2EB00DDF161 /* SignUpViewController.h */ = {isa = PBXFileReference; fileEncoding = 4; lastKnownFileType = sourcecode.c.h; path = SignUpViewController.h; sourceTree = "<group>"; };
		68FAA3E21C0EC2EB00DDF161 /* SignUpViewController.m */ = {isa = PBXFileReference; fileEncoding = 4; lastKnownFileType = sourcecode.c.objc; path = SignUpViewController.m; sourceTree = "<group>"; };
		68FAA3E31C0EC2EB00DDF161 /* UsernameViewController.h */ = {isa = PBXFileReference; fileEncoding = 4; lastKnownFileType = sourcecode.c.h; path = UsernameViewController.h; sourceTree = "<group>"; };
		68FAA3E41C0EC2EB00DDF161 /* UsernameViewController.m */ = {isa = PBXFileReference; fileEncoding = 4; lastKnownFileType = sourcecode.c.objc; path = UsernameViewController.m; sourceTree = "<group>"; };
		68FAA3E51C0EC2EB00DDF161 /* WelcomeViewController.h */ = {isa = PBXFileReference; fileEncoding = 4; lastKnownFileType = sourcecode.c.h; path = WelcomeViewController.h; sourceTree = "<group>"; };
		68FAA3E61C0EC2EB00DDF161 /* WelcomeViewController.m */ = {isa = PBXFileReference; fileEncoding = 4; lastKnownFileType = sourcecode.c.objc; path = WelcomeViewController.m; sourceTree = "<group>"; };
		68FAA3E71C0EC2EB00DDF161 /* wikiLogo.png */ = {isa = PBXFileReference; lastKnownFileType = image.png; path = wikiLogo.png; sourceTree = "<group>"; };
		68FAA3F31C0EC30300DDF161 /* Login.storyboard */ = {isa = PBXFileReference; fileEncoding = 4; lastKnownFileType = file.storyboard; path = Login.storyboard; sourceTree = "<group>"; };
		997929E0187336AA00716C77 /* FriendsViewController.h */ = {isa = PBXFileReference; fileEncoding = 4; lastKnownFileType = sourcecode.c.h; path = FriendsViewController.h; sourceTree = "<group>"; };
		997929E1187336AA00716C77 /* FriendsViewController.m */ = {isa = PBXFileReference; fileEncoding = 4; lastKnownFileType = sourcecode.c.objc; path = FriendsViewController.m; sourceTree = "<group>"; };
/* End PBXFileReference section */

/* Begin PBXFrameworksBuildPhase section */
		15371EDB1728E3B400A508F4 /* Frameworks */ = {
			isa = PBXFrameworksBuildPhase;
			buildActionMask = 2147483647;
			files = (
				15CBD699172A57F100F0C53E /* QuartzCore.framework in Frameworks */,
				15371EE31728E3B400A508F4 /* UIKit.framework in Frameworks */,
				15371EE51728E3B400A508F4 /* Foundation.framework in Frameworks */,
				15371EE71728E3B400A508F4 /* CoreGraphics.framework in Frameworks */,
			);
			runOnlyForDeploymentPostprocessing = 0;
		};
		15371F041728E3B400A508F4 /* Frameworks */ = {
			isa = PBXFrameworksBuildPhase;
			buildActionMask = 2147483647;
			files = (
				15371F0B1728E3B400A508F4 /* UIKit.framework in Frameworks */,
				15371F0C1728E3B400A508F4 /* Foundation.framework in Frameworks */,
			);
			runOnlyForDeploymentPostprocessing = 0;
		};
/* End PBXFrameworksBuildPhase section */

/* Begin PBXGroup section */
		15371ED31728E3B400A508F4 = {
			isa = PBXGroup;
			children = (
				15371EE81728E3B400A508F4 /* CiviWiki App */,
				15371F0F1728E3B400A508F4 /* SlideMenuTests */,
				15371EE11728E3B400A508F4 /* Frameworks */,
				15371EDF1728E3B400A508F4 /* Products */,
			);
			sourceTree = "<group>";
		};
		15371EDF1728E3B400A508F4 /* Products */ = {
			isa = PBXGroup;
			children = (
				15371EDE1728E3B400A508F4 /* CiviWiki.app */,
				15371F081728E3B400A508F4 /* CiviWiki.xctest */,
			);
			name = Products;
			sourceTree = "<group>";
		};
		15371EE11728E3B400A508F4 /* Frameworks */ = {
			isa = PBXGroup;
			children = (
				15CBD698172A57F100F0C53E /* QuartzCore.framework */,
				15371EE21728E3B400A508F4 /* UIKit.framework */,
				15371EE41728E3B400A508F4 /* Foundation.framework */,
				15371EE61728E3B400A508F4 /* CoreGraphics.framework */,
			);
			name = Frameworks;
			sourceTree = "<group>";
		};
		15371EE81728E3B400A508F4 /* CiviWiki App */ = {
			isa = PBXGroup;
			children = (
				681267721C0EC98600A18A2E /* EditMode */,
				68FAA3CD1C0EC26300DDF161 /* Login */,
				68FAA3BB1C0EB94600DDF161 /* Feed */,
				68FAA3901C0E860000DDF161 /* Profile */,
				15CBD675172A15F900F0C53E /* Helper Classes */,
				15371F241728E43600A508F4 /* Source */,
				15371EF11728E3B400A508F4 /* AppDelegate.h */,
				15371EF21728E3B400A508F4 /* AppDelegate.m */,
				15371EFA1728E3B400A508F4 /* MainStoryboard_iPhone.storyboard */,
				15371EFD1728E3B400A508F4 /* MainStoryboard_iPad.storyboard */,
				15371EE91728E3B400A508F4 /* Supporting Files */,
			);
			name = "CiviWiki App";
			path = SlideMenu;
			sourceTree = "<group>";
		};
		15371EE91728E3B400A508F4 /* Supporting Files */ = {
			isa = PBXGroup;
			children = (
				15371EEA1728E3B400A508F4 /* CiviWiki-Info.plist */,
				15371EEB1728E3B400A508F4 /* InfoPlist.strings */,
				15371EEE1728E3B400A508F4 /* main.m */,
				15371EF01728E3B400A508F4 /* CiviWiki-Prefix.pch */,
				15371EF41728E3B400A508F4 /* Default.png */,
				15371EF61728E3B400A508F4 /* Default@2x.png */,
				15371EF81728E3B400A508F4 /* Default-568h@2x.png */,
			);
			name = "Supporting Files";
			sourceTree = "<group>";
		};
		15371F0F1728E3B400A508F4 /* SlideMenuTests */ = {
			isa = PBXGroup;
			children = (
				15371F151728E3B400A508F4 /* SlideMenuTests.h */,
				15371F161728E3B400A508F4 /* SlideMenuTests.m */,
				15371F101728E3B400A508F4 /* Supporting Files */,
			);
			path = SlideMenuTests;
			sourceTree = "<group>";
		};
		15371F101728E3B400A508F4 /* Supporting Files */ = {
			isa = PBXGroup;
			children = (
				15371F111728E3B400A508F4 /* CiviWikiTests-Info.plist */,
				15371F121728E3B400A508F4 /* InfoPlist.strings */,
			);
			name = "Supporting Files";
			sourceTree = "<group>";
		};
		15371F241728E43600A508F4 /* Source */ = {
			isa = PBXGroup;
			children = (
				15E7D319190C2894002EAE3F /* Images */,
				15C9AC0E1895A79A006E6F27 /* Animations */,
				15CBD681172A209500F0C53E /* Assets */,
				15371F261728E44E00A508F4 /* SlideNavigationController.h */,
				15371F271728E44E00A508F4 /* SlideNavigationController.m */,
			);
			path = Source;
			sourceTree = "<group>";
		};
		15C9AC0E1895A79A006E6F27 /* Animations */ = {
			isa = PBXGroup;
			children = (
				15C9AC0F1895A7BF006E6F27 /* SlideNavigationContorllerAnimatorSlide.h */,
				15C9AC101895A7BF006E6F27 /* SlideNavigationContorllerAnimatorSlide.m */,
				15C9AC121895A7D7006E6F27 /* SlideNavigationContorllerAnimatorFade.h */,
				15C9AC131895A7D7006E6F27 /* SlideNavigationContorllerAnimatorFade.m */,
				15C9AC151895A7E7006E6F27 /* SlideNavigationContorllerAnimatorSlideAndFade.h */,
				15C9AC161895A7E7006E6F27 /* SlideNavigationContorllerAnimatorSlideAndFade.m */,
				15C9AC181895A80E006E6F27 /* SlideNavigationContorllerAnimatorScale.h */,
				15C9AC191895A80E006E6F27 /* SlideNavigationContorllerAnimatorScale.m */,
				15C9AC1B1895A81D006E6F27 /* SlideNavigationContorllerAnimatorScaleAndFade.h */,
				15C9AC1C1895A81D006E6F27 /* SlideNavigationContorllerAnimatorScaleAndFade.m */,
				15C9AC1E1895A832006E6F27 /* SlideNavigationContorllerAnimator.h */,
			);
			path = Animations;
			sourceTree = "<group>";
		};
		15CBD675172A15F900F0C53E /* Helper Classes */ = {
			isa = PBXGroup;
			children = (
				15CBD678172A15F900F0C53E /* LeftMenuViewController.h */,
				15CBD679172A15F900F0C53E /* LeftMenuViewController.m */,
				15E7D316190C24E3002EAE3F /* RightMenuViewController.h */,
				15E7D317190C24E3002EAE3F /* RightMenuViewController.m */,
				15CBD676172A15F900F0C53E /* HomeViewController.h */,
				15CBD687172A22B600F0C53E /* ProfileDetailViewController.h */,
				15CBD677172A15F900F0C53E /* HomeViewController.m */,
				997929E0187336AA00716C77 /* FriendsViewController.h */,
				997929E1187336AA00716C77 /* FriendsViewController.m */,
				15CBD688172A22B700F0C53E /* ProfileDetailViewController.m */,
			);
			path = "Helper Classes";
			sourceTree = "<group>";
		};
		15CBD681172A209500F0C53E /* Assets */ = {
			isa = PBXGroup;
			children = (
				15CBD6BF172BBB7100F0C53E /* menu-button.png */,
				15CBD6BD172BBB3600F0C53E /* menu-button@2x.png */,
			);
			path = Assets;
			sourceTree = "<group>";
		};
		15E7D319190C2894002EAE3F /* Images */ = {
			isa = PBXGroup;
			children = (
				68D741D31C0EED9B00D6A189 /* sc.jpg */,
				68FAA37E1C0E85BF00DDF161 /* embed.png */,
				68FAA37F1C0E85BF00DDF161 /* ello.png */,
				68FAA3B91C0E863B00DDF161 /* profile.png */,
				68FAA3801C0E85BF00DDF161 /* thumbit.png */,
				68FAA3811C0E85BF00DDF161 /* chirp.png */,
				68FAA3821C0E85BF00DDF161 /* instagram.png */,
				68FAA3831C0E85BF00DDF161 /* feedburner.png */,
				68FAA3841C0E85BF00DDF161 /* forrst.png */,
				68FAA3851C0E85BF00DDF161 /* sharethis.png */,
				68FAA3861C0E85BF00DDF161 /* mail.png */,
			);
			name = Images;
			path = ../Images;
			sourceTree = "<group>";
		};
		681267721C0EC98600A18A2E /* EditMode */ = {
			isa = PBXGroup;
			children = (
				681267B21C0EC99F00A18A2E /* editMode.storyboard */,
				681267731C0EC99100A18A2E /* ArticleCell.h */,
				681267741C0EC99100A18A2E /* ArticleCell.m */,
				681267751C0EC99100A18A2E /* ArticleSelectionViewController.h */,
				681267761C0EC99100A18A2E /* ArticleSelectionViewController.m */,
				681267771C0EC99100A18A2E /* bell-7.png */,
				681267781C0EC99100A18A2E /* BTBreadcrumbView.h */,
				681267791C0EC99100A18A2E /* BTBreadcrumbView.m */,
				6812677A1C0EC99100A18A2E /* CategoryCell.h */,
				6812677B1C0EC99100A18A2E /* CategoryCell.m */,
				6812677C1C0EC99100A18A2E /* CategorySelectionViewController.h */,
				6812677D1C0EC99100A18A2E /* CategorySelectionViewController.m */,
				6812677E1C0EC99100A18A2E /* citizenship.jpg */,
				6812677F1C0EC99100A18A2E /* CiviSelectionViewController.h */,
				681267801C0EC99100A18A2E /* CiviSelectionViewController.m */,
				681267811C0EC99100A18A2E /* Disaster.jpg */,
				681267821C0EC99100A18A2E /* Economics.jpg */,
				681267831C0EC99100A18A2E /* Education.jpg */,
				681267841C0EC99100A18A2E /* Election.jpg */,
				681267851C0EC99100A18A2E /* Environment.jpg */,
				681267861C0EC99100A18A2E /* Health.jpg */,
				681267871C0EC99100A18A2E /* HiRes-your-vote-counts-1000x1011.jpg */,
				681267881C0EC99100A18A2E /* human-rights.jpg */,
				681267891C0EC99100A18A2E /* Laws.jpg */,
				6812678A1C0EC99100A18A2E /* message-7.png */,
				6812678B1C0EC99100A18A2E /* Military.jpg */,
				6812678C1C0EC99100A18A2E /* Political.jpg */,
				6812678D1C0EC99100A18A2E /* Religion.jpg */,
				6812678E1C0EC99100A18A2E /* Taxes.jpg */,
				6812678F1C0EC99100A18A2E /* Technology.jpg */,
				681267901C0EC99100A18A2E /* text-align-justify-7.png */,
				681267911C0EC99100A18A2E /* Treaties.jpg */,
				681267921C0EC99100A18A2E /* EditModeViewController.h */,
				681267931C0EC99100A18A2E /* EditModeViewController.m */,
				681267941C0EC99100A18A2E /* Wars.jpg */,
				681267951C0EC99200A18A2E /* World.jpg */,
			);
			name = EditMode;
			sourceTree = "<group>";
		};
		68FAA3901C0E860000DDF161 /* Profile */ = {
			isa = PBXGroup;
			children = (
				68FAA3921C0E860000DDF161 /* Controllers */,
				68FAA3991C0E860000DDF161 /* Models */,
				68FAA39C1C0E860000DDF161 /* Profile.storyboard */,
				68FAA39D1C0E860000DDF161 /* Views */,
			);
			path = Profile;
			sourceTree = "<group>";
		};
		68FAA3921C0E860000DDF161 /* Controllers */ = {
			isa = PBXGroup;
			children = (
				68FAA3931C0E860000DDF161 /* ProfileViewController.h */,
				68FAA3941C0E860000DDF161 /* ProfileViewController.m */,
				68FAA3951C0E860000DDF161 /* userInfoCtrl1.h */,
				68FAA3961C0E860000DDF161 /* userInfoCtrl1.m */,
				68FAA3971C0E860000DDF161 /* userInfoCtrl2.h */,
				68FAA3981C0E860000DDF161 /* userInfoCtrl2.m */,
			);
			path = Controllers;
			sourceTree = "<group>";
		};
		68FAA3991C0E860000DDF161 /* Models */ = {
			isa = PBXGroup;
			children = (
				68FAA39A1C0E860000DDF161 /* User.h */,
				68FAA39B1C0E860000DDF161 /* User.m */,
			);
			path = Models;
			sourceTree = "<group>";
		};
		68FAA39D1C0E860000DDF161 /* Views */ = {
			isa = PBXGroup;
			children = (
				68FAA39E1C0E860000DDF161 /* awardsView.h */,
				68FAA39F1C0E860000DDF161 /* awardsView.m */,
				68FAA3A01C0E860000DDF161 /* descriptionView.h */,
				68FAA3A11C0E860000DDF161 /* descriptionView.m */,
				68FAA3A21C0E860000DDF161 /* friendsView.h */,
				68FAA3A31C0E860000DDF161 /* friendsView.m */,
				68FAA3A41C0E860000DDF161 /* historyView.h */,
				68FAA3A51C0E860000DDF161 /* historyView.m */,
				68FAA3A61C0E860000DDF161 /* pinnedView.h */,
				68FAA3A71C0E860000DDF161 /* pinnedView.m */,
				68FAA3A81C0E860000DDF161 /* statsView.h */,
				68FAA3A91C0E860000DDF161 /* statsView.m */,
				68FAA3AA1C0E860000DDF161 /* userHeader.h */,
				68FAA3AB1C0E860000DDF161 /* userHeader.m */,
			);
			path = Views;
			sourceTree = "<group>";
		};
		68FAA3BB1C0EB94600DDF161 /* Feed */ = {
			isa = PBXGroup;
			children = (
				68FAA3BC1C0EB96D00DDF161 /* FeedPage.m */,
				68FAA3BD1C0EB96D00DDF161 /* TopTenTable.m */,
				68FAA3BE1C0EB96D00DDF161 /* TopTenTable.h */,
				68FAA3BF1C0EB96D00DDF161 /* FeedPage.h */,
				68FAA3C01C0EB96D00DDF161 /* Feed.storyboard */,
				68FAA3C11C0EB96D00DDF161 /* WebInterface.m */,
				68FAA3CC1C0EBA7400DDF161 /* WebInterface.h */,
				68FAA3C41C0EB96D00DDF161 /* TopTenTableCell.h */,
				68FAA3C51C0EB96D00DDF161 /* TopTenTableCell.m */,
			);
			name = Feed;
			sourceTree = "<group>";
		};
		68FAA3CD1C0EC26300DDF161 /* Login */ = {
			isa = PBXGroup;
			children = (
				68FAA3F31C0EC30300DDF161 /* Login.storyboard */,
				68FAA3D41C0EC2EB00DDF161 /* civiwiki_banner.jpg */,
				68FAA3D51C0EC2EB00DDF161 /* EmailViewController.h */,
				68FAA3D61C0EC2EB00DDF161 /* EmailViewController.m */,
				68FAA3D71C0EC2EB00DDF161 /* LoginMainViewController.h */,
				68FAA3D81C0EC2EB00DDF161 /* LoginMainViewController.m */,
				68FAA3D91C0EC2EB00DDF161 /* LogInViewController.h */,
				68FAA3DA1C0EC2EB00DDF161 /* LogInViewController.m */,
				68FAA3DB1C0EC2EB00DDF161 /* NameViewController.h */,
				68FAA3DC1C0EC2EB00DDF161 /* NameViewController.m */,
				68FAA3DD1C0EC2EB00DDF161 /* NumberViewController.h */,
				68FAA3DE1C0EC2EB00DDF161 /* NumberViewController.m */,
				68FAA3DF1C0EC2EB00DDF161 /* PasswordViewController.h */,
				68FAA3E01C0EC2EB00DDF161 /* PasswordViewController.m */,
				68FAA3E11C0EC2EB00DDF161 /* SignUpViewController.h */,
				68FAA3E21C0EC2EB00DDF161 /* SignUpViewController.m */,
				68FAA3E31C0EC2EB00DDF161 /* UsernameViewController.h */,
				68FAA3E41C0EC2EB00DDF161 /* UsernameViewController.m */,
				68FAA3E51C0EC2EB00DDF161 /* WelcomeViewController.h */,
				68FAA3E61C0EC2EB00DDF161 /* WelcomeViewController.m */,
				68FAA3E71C0EC2EB00DDF161 /* wikiLogo.png */,
				68FAA3CE1C0EC2A600DDF161 /* NavController.h */,
				68FAA3CF1C0EC2A600DDF161 /* NavController.m */,
				68FAA3D01C0EC2A600DDF161 /* LoginUser.h */,
				68FAA3D11C0EC2A600DDF161 /* LoginUser.m */,
			);
			name = Login;
			sourceTree = "<group>";
		};
/* End PBXGroup section */

/* Begin PBXNativeTarget section */
		15371EDD1728E3B400A508F4 /* CiviWiki */ = {
			isa = PBXNativeTarget;
			buildConfigurationList = 15371F1A1728E3B400A508F4 /* Build configuration list for PBXNativeTarget "CiviWiki" */;
			buildPhases = (
				15371EDA1728E3B400A508F4 /* Sources */,
				15371EDB1728E3B400A508F4 /* Frameworks */,
				15371EDC1728E3B400A508F4 /* Resources */,
			);
			buildRules = (
			);
			dependencies = (
			);
			name = CiviWiki;
			productName = SlideMenu;
			productReference = 15371EDE1728E3B400A508F4 /* CiviWiki.app */;
			productType = "com.apple.product-type.application";
		};
		15371F071728E3B400A508F4 /* CiviWikiTests */ = {
			isa = PBXNativeTarget;
			buildConfigurationList = 15371F1D1728E3B400A508F4 /* Build configuration list for PBXNativeTarget "CiviWikiTests" */;
			buildPhases = (
				15371F031728E3B400A508F4 /* Sources */,
				15371F041728E3B400A508F4 /* Frameworks */,
				15371F051728E3B400A508F4 /* Resources */,
				15371F061728E3B400A508F4 /* ShellScript */,
			);
			buildRules = (
			);
			dependencies = (
				15371F0E1728E3B400A508F4 /* PBXTargetDependency */,
			);
			name = CiviWikiTests;
			productName = SlideMenuTests;
			productReference = 15371F081728E3B400A508F4 /* CiviWiki.xctest */;
			productType = "com.apple.product-type.bundle.unit-test";
		};
/* End PBXNativeTarget section */

/* Begin PBXProject section */
		15371ED51728E3B400A508F4 /* Project object */ = {
			isa = PBXProject;
			attributes = {
				LastTestingUpgradeCheck = 0600;
				LastUpgradeCheck = 0500;
				ORGANIZATIONNAME = Civiwiki;
			};
			buildConfigurationList = 15371ED81728E3B400A508F4 /* Build configuration list for PBXProject "CiviWiki" */;
			compatibilityVersion = "Xcode 3.2";
			developmentRegion = English;
			hasScannedForEncodings = 0;
			knownRegions = (
				en,
			);
			mainGroup = 15371ED31728E3B400A508F4;
			productRefGroup = 15371EDF1728E3B400A508F4 /* Products */;
			projectDirPath = "";
			projectRoot = "";
			targets = (
				15371EDD1728E3B400A508F4 /* CiviWiki */,
				15371F071728E3B400A508F4 /* CiviWikiTests */,
			);
		};
/* End PBXProject section */

/* Begin PBXResourcesBuildPhase section */
		15371EDC1728E3B400A508F4 /* Resources */ = {
			isa = PBXResourcesBuildPhase;
			buildActionMask = 2147483647;
			files = (
				681267A11C0EC99200A18A2E /* Election.jpg in Resources */,
				681267A01C0EC99200A18A2E /* Education.jpg in Resources */,
				681267981C0EC99200A18A2E /* bell-7.png in Resources */,
				681267A21C0EC99200A18A2E /* Environment.jpg in Resources */,
				68FAA3E81C0EC2EB00DDF161 /* civiwiki_banner.jpg in Resources */,
				681267A71C0EC99200A18A2E /* message-7.png in Resources */,
				15371EED1728E3B400A508F4 /* InfoPlist.strings in Resources */,
				6812679F1C0EC99200A18A2E /* Economics.jpg in Resources */,
				68FAA3B11C0E860100DDF161 /* Profile.storyboard in Resources */,
				68FAA3881C0E85BF00DDF161 /* ello.png in Resources */,
				15371EF51728E3B400A508F4 /* Default.png in Resources */,
				15371EF71728E3B400A508F4 /* Default@2x.png in Resources */,
				681267B11C0EC99200A18A2E /* World.jpg in Resources */,
				15371EF91728E3B400A508F4 /* Default-568h@2x.png in Resources */,
				681267AD1C0EC99200A18A2E /* text-align-justify-7.png in Resources */,
				68FAA38C1C0E85BF00DDF161 /* feedburner.png in Resources */,
				681267A81C0EC99200A18A2E /* Military.jpg in Resources */,
				681267AB1C0EC99200A18A2E /* Taxes.jpg in Resources */,
				68FAA38F1C0E85BF00DDF161 /* mail.png in Resources */,
				15371EFC1728E3B400A508F4 /* MainStoryboard_iPhone.storyboard in Resources */,
				681267A91C0EC99200A18A2E /* Political.jpg in Resources */,
				68FAA38B1C0E85BF00DDF161 /* instagram.png in Resources */,
				681267A61C0EC99200A18A2E /* Laws.jpg in Resources */,
				68FAA3C81C0EB96D00DDF161 /* Feed.storyboard in Resources */,
				68FAA38A1C0E85BF00DDF161 /* chirp.png in Resources */,
				6812679C1C0EC99200A18A2E /* citizenship.jpg in Resources */,
				68FAA3BA1C0E863B00DDF161 /* profile.png in Resources */,
				681267AC1C0EC99200A18A2E /* Technology.jpg in Resources */,
				68FAA3871C0E85BF00DDF161 /* embed.png in Resources */,
				68D741D41C0EED9B00D6A189 /* sc.jpg in Resources */,
				15371EFF1728E3B400A508F4 /* MainStoryboard_iPad.storyboard in Resources */,
				68FAA3F21C0EC2EB00DDF161 /* wikiLogo.png in Resources */,
				681267A41C0EC99200A18A2E /* HiRes-your-vote-counts-1000x1011.jpg in Resources */,
				681267B31C0EC99F00A18A2E /* editMode.storyboard in Resources */,
				68FAA38E1C0E85BF00DDF161 /* sharethis.png in Resources */,
				6812679E1C0EC99200A18A2E /* Disaster.jpg in Resources */,
				68FAA3891C0E85BF00DDF161 /* thumbit.png in Resources */,
				15CBD6BE172BBB3600F0C53E /* menu-button@2x.png in Resources */,
				681267A31C0EC99200A18A2E /* Health.jpg in Resources */,
				681267B01C0EC99200A18A2E /* Wars.jpg in Resources */,
				681267A51C0EC99200A18A2E /* human-rights.jpg in Resources */,
				68FAA38D1C0E85BF00DDF161 /* forrst.png in Resources */,
				68FAA3F41C0EC30300DDF161 /* Login.storyboard in Resources */,
				681267AA1C0EC99200A18A2E /* Religion.jpg in Resources */,
				681267AE1C0EC99200A18A2E /* Treaties.jpg in Resources */,
				15CBD6C0172BBB7100F0C53E /* menu-button.png in Resources */,
			);
			runOnlyForDeploymentPostprocessing = 0;
		};
		15371F051728E3B400A508F4 /* Resources */ = {
			isa = PBXResourcesBuildPhase;
			buildActionMask = 2147483647;
			files = (
				15371F141728E3B400A508F4 /* InfoPlist.strings in Resources */,
			);
			runOnlyForDeploymentPostprocessing = 0;
		};
/* End PBXResourcesBuildPhase section */

/* Begin PBXShellScriptBuildPhase section */
		15371F061728E3B400A508F4 /* ShellScript */ = {
			isa = PBXShellScriptBuildPhase;
			buildActionMask = 2147483647;
			files = (
			);
			inputPaths = (
			);
			outputPaths = (
			);
			runOnlyForDeploymentPostprocessing = 0;
			shellPath = /bin/sh;
			shellScript = "# Run the unit tests in this test bundle.\n\"${SYSTEM_DEVELOPER_DIR}/Tools/RunUnitTests\"\n";
		};
/* End PBXShellScriptBuildPhase section */

/* Begin PBXSourcesBuildPhase section */
		15371EDA1728E3B400A508F4 /* Sources */ = {
			isa = PBXSourcesBuildPhase;
			buildActionMask = 2147483647;
			files = (
				15E7D318190C24E3002EAE3F /* RightMenuViewController.m in Sources */,
				15C9AC1D1895A81D006E6F27 /* SlideNavigationContorllerAnimatorScaleAndFade.m in Sources */,
				68FAA3B01C0E860100DDF161 /* User.m in Sources */,
				68FAA3D21C0EC2A600DDF161 /* NavController.m in Sources */,
				68FAA3B51C0E860100DDF161 /* historyView.m in Sources */,
				68FAA3E91C0EC2EB00DDF161 /* EmailViewController.m in Sources */,
				68FAA3C71C0EB96D00DDF161 /* TopTenTable.m in Sources */,
				15C9AC171895A7E7006E6F27 /* SlideNavigationContorllerAnimatorSlideAndFade.m in Sources */,
				68FAA3F01C0EC2EB00DDF161 /* UsernameViewController.m in Sources */,
				68FAA3ED1C0EC2EB00DDF161 /* NumberViewController.m in Sources */,
				15371EEF1728E3B400A508F4 /* main.m in Sources */,
				68FAA3C61C0EB96D00DDF161 /* FeedPage.m in Sources */,
				6812679A1C0EC99200A18A2E /* CategoryCell.m in Sources */,
				681267961C0EC99200A18A2E /* ArticleCell.m in Sources */,
				68FAA3B41C0E860100DDF161 /* friendsView.m in Sources */,
				68FAA3C91C0EB96D00DDF161 /* WebInterface.m in Sources */,
				68FAA3AD1C0E860000DDF161 /* ProfileViewController.m in Sources */,
				6812679B1C0EC99200A18A2E /* CategorySelectionViewController.m in Sources */,
				68FAA3EC1C0EC2EB00DDF161 /* NameViewController.m in Sources */,
				68FAA3B71C0E860100DDF161 /* statsView.m in Sources */,
				681267AF1C0EC99200A18A2E /* EditModeViewController.m in Sources */,
				15371EF31728E3B400A508F4 /* AppDelegate.m in Sources */,
				68FAA3EE1C0EC2EB00DDF161 /* PasswordViewController.m in Sources */,
				15C9AC141895A7D7006E6F27 /* SlideNavigationContorllerAnimatorFade.m in Sources */,
				15371F281728E44E00A508F4 /* SlideNavigationController.m in Sources */,
				68FAA3EA1C0EC2EB00DDF161 /* LoginMainViewController.m in Sources */,
				68FAA3EF1C0EC2EB00DDF161 /* SignUpViewController.m in Sources */,
				15C9AC111895A7BF006E6F27 /* SlideNavigationContorllerAnimatorSlide.m in Sources */,
				68FAA3B21C0E860100DDF161 /* awardsView.m in Sources */,
				68FAA3B31C0E860100DDF161 /* descriptionView.m in Sources */,
				681267971C0EC99200A18A2E /* ArticleSelectionViewController.m in Sources */,
				68FAA3F11C0EC2EB00DDF161 /* WelcomeViewController.m in Sources */,
				15CBD67C172A15F900F0C53E /* HomeViewController.m in Sources */,
				68FAA3D31C0EC2A600DDF161 /* LoginUser.m in Sources */,
				997929E2187336AA00716C77 /* FriendsViewController.m in Sources */,
				68FAA3AE1C0E860100DDF161 /* userInfoCtrl1.m in Sources */,
				68FAA3AF1C0E860100DDF161 /* userInfoCtrl2.m in Sources */,
				68FAA3B61C0E860100DDF161 /* pinnedView.m in Sources */,
				68FAA3CB1C0EB96D00DDF161 /* TopTenTableCell.m in Sources */,
				15CBD67D172A15F900F0C53E /* LeftMenuViewController.m in Sources */,
				68FAA3EB1C0EC2EB00DDF161 /* LogInViewController.m in Sources */,
				68FAA3B81C0E860100DDF161 /* userHeader.m in Sources */,
				15C9AC1A1895A80E006E6F27 /* SlideNavigationContorllerAnimatorScale.m in Sources */,
				15CBD689172A22B700F0C53E /* ProfileDetailViewController.m in Sources */,
				6812679D1C0EC99200A18A2E /* CiviSelectionViewController.m in Sources */,
				681267991C0EC99200A18A2E /* BTBreadcrumbView.m in Sources */,
			);
			runOnlyForDeploymentPostprocessing = 0;
		};
		15371F031728E3B400A508F4 /* Sources */ = {
			isa = PBXSourcesBuildPhase;
			buildActionMask = 2147483647;
			files = (
				15371F171728E3B400A508F4 /* SlideMenuTests.m in Sources */,
			);
			runOnlyForDeploymentPostprocessing = 0;
		};
/* End PBXSourcesBuildPhase section */

/* Begin PBXTargetDependency section */
		15371F0E1728E3B400A508F4 /* PBXTargetDependency */ = {
			isa = PBXTargetDependency;
			target = 15371EDD1728E3B400A508F4 /* CiviWiki */;
			targetProxy = 15371F0D1728E3B400A508F4 /* PBXContainerItemProxy */;
		};
/* End PBXTargetDependency section */

/* Begin PBXVariantGroup section */
		15371EEB1728E3B400A508F4 /* InfoPlist.strings */ = {
			isa = PBXVariantGroup;
			children = (
				15371EEC1728E3B400A508F4 /* en */,
			);
			name = InfoPlist.strings;
			sourceTree = "<group>";
		};
		15371EFA1728E3B400A508F4 /* MainStoryboard_iPhone.storyboard */ = {
			isa = PBXVariantGroup;
			children = (
				15371EFB1728E3B400A508F4 /* en */,
			);
			name = MainStoryboard_iPhone.storyboard;
			sourceTree = "<group>";
		};
		15371EFD1728E3B400A508F4 /* MainStoryboard_iPad.storyboard */ = {
			isa = PBXVariantGroup;
			children = (
				15371EFE1728E3B400A508F4 /* en */,
			);
			name = MainStoryboard_iPad.storyboard;
			sourceTree = "<group>";
		};
		15371F121728E3B400A508F4 /* InfoPlist.strings */ = {
			isa = PBXVariantGroup;
			children = (
				15371F131728E3B400A508F4 /* en */,
			);
			name = InfoPlist.strings;
			sourceTree = "<group>";
		};
/* End PBXVariantGroup section */

/* Begin XCBuildConfiguration section */
		15371F181728E3B400A508F4 /* Debug */ = {
			isa = XCBuildConfiguration;
			buildSettings = {
				ALWAYS_SEARCH_USER_PATHS = NO;
				CLANG_CXX_LANGUAGE_STANDARD = "gnu++0x";
				CLANG_CXX_LIBRARY = "libc++";
				CLANG_ENABLE_OBJC_ARC = YES;
				CLANG_WARN_EMPTY_BODY = YES;
				CLANG_WARN__DUPLICATE_METHOD_MATCH = YES;
				"CODE_SIGN_IDENTITY[sdk=iphoneos*]" = "iPhone Developer";
				COPY_PHASE_STRIP = NO;
				GCC_C_LANGUAGE_STANDARD = gnu99;
				GCC_DYNAMIC_NO_PIC = NO;
				GCC_OPTIMIZATION_LEVEL = 0;
				GCC_PREPROCESSOR_DEFINITIONS = (
					"DEBUG=1",
					"$(inherited)",
				);
				GCC_SYMBOLS_PRIVATE_EXTERN = NO;
				GCC_WARN_ABOUT_RETURN_TYPE = YES;
				GCC_WARN_UNINITIALIZED_AUTOS = YES;
				GCC_WARN_UNUSED_VARIABLE = YES;
				IPHONEOS_DEPLOYMENT_TARGET = 6.0;
				ONLY_ACTIVE_ARCH = YES;
				SDKROOT = iphoneos;
				TARGETED_DEVICE_FAMILY = "1,2";
			};
			name = Debug;
		};
		15371F191728E3B400A508F4 /* Release */ = {
			isa = XCBuildConfiguration;
			buildSettings = {
				ALWAYS_SEARCH_USER_PATHS = NO;
				CLANG_CXX_LANGUAGE_STANDARD = "gnu++0x";
				CLANG_CXX_LIBRARY = "libc++";
				CLANG_ENABLE_OBJC_ARC = YES;
				CLANG_WARN_EMPTY_BODY = YES;
				CLANG_WARN__DUPLICATE_METHOD_MATCH = YES;
				"CODE_SIGN_IDENTITY[sdk=iphoneos*]" = "iPhone Developer";
				COPY_PHASE_STRIP = YES;
				GCC_C_LANGUAGE_STANDARD = gnu99;
				GCC_WARN_ABOUT_RETURN_TYPE = YES;
				GCC_WARN_UNINITIALIZED_AUTOS = YES;
				GCC_WARN_UNUSED_VARIABLE = YES;
				IPHONEOS_DEPLOYMENT_TARGET = 6.0;
				OTHER_CFLAGS = "-DNS_BLOCK_ASSERTIONS=1";
				SDKROOT = iphoneos;
				TARGETED_DEVICE_FAMILY = "1,2";
				VALIDATE_PRODUCT = YES;
			};
			name = Release;
		};
		15371F1B1728E3B400A508F4 /* Debug */ = {
			isa = XCBuildConfiguration;
			buildSettings = {
				GCC_PRECOMPILE_PREFIX_HEADER = YES;
				GCC_PREFIX_HEADER = "SlideMenu/CiviWiki-Prefix.pch";
				INFOPLIST_FILE = "SlideMenu/CiviWiki-Info.plist";
				IPHONEOS_DEPLOYMENT_TARGET = 8.4;
				PRODUCT_BUNDLE_IDENTIFIER = com.civiwiki.CiviWiki;
				PRODUCT_NAME = CiviWiki;
				WRAPPER_EXTENSION = app;
			};
			name = Debug;
		};
		15371F1C1728E3B400A508F4 /* Release */ = {
			isa = XCBuildConfiguration;
			buildSettings = {
				GCC_PRECOMPILE_PREFIX_HEADER = YES;
				GCC_PREFIX_HEADER = "SlideMenu/CiviWiki-Prefix.pch";
				INFOPLIST_FILE = "SlideMenu/CiviWiki-Info.plist";
				IPHONEOS_DEPLOYMENT_TARGET = 8.4;
				PRODUCT_BUNDLE_IDENTIFIER = com.civiwiki.CiviWiki;
				PRODUCT_NAME = CiviWiki;
				WRAPPER_EXTENSION = app;
			};
			name = Release;
		};
		15371F1E1728E3B400A508F4 /* Debug */ = {
			isa = XCBuildConfiguration;
			buildSettings = {
				BUNDLE_LOADER = "$(BUILT_PRODUCTS_DIR)/SlideMenu.app/SlideMenu";
				FRAMEWORK_SEARCH_PATHS = (
					"\"$(SDKROOT)/Developer/Library/Frameworks\"",
					"\"$(DEVELOPER_LIBRARY_DIR)/Frameworks\"",
					"$(inherited)",
				);
				GCC_PRECOMPILE_PREFIX_HEADER = YES;
				GCC_PREFIX_HEADER = "SlideMenu/CiviWiki-Prefix.pch";
				INFOPLIST_FILE = "SlideMenuTests/CiviWikiTests-Info.plist";
				PRODUCT_NAME = CiviWiki;
				TEST_HOST = "$(BUNDLE_LOADER)";
			};
			name = Debug;
		};
		15371F1F1728E3B400A508F4 /* Release */ = {
			isa = XCBuildConfiguration;
			buildSettings = {
				BUNDLE_LOADER = "$(BUILT_PRODUCTS_DIR)/SlideMenu.app/SlideMenu";
				FRAMEWORK_SEARCH_PATHS = (
					"\"$(SDKROOT)/Developer/Library/Frameworks\"",
					"\"$(DEVELOPER_LIBRARY_DIR)/Frameworks\"",
					"$(inherited)",
				);
				GCC_PRECOMPILE_PREFIX_HEADER = YES;
				GCC_PREFIX_HEADER = "SlideMenu/CiviWiki-Prefix.pch";
				INFOPLIST_FILE = "SlideMenuTests/CiviWikiTests-Info.plist";
				PRODUCT_NAME = CiviWiki;
				TEST_HOST = "$(BUNDLE_LOADER)";
			};
			name = Release;
		};
/* End XCBuildConfiguration section */

/* Begin XCConfigurationList section */
		15371ED81728E3B400A508F4 /* Build configuration list for PBXProject "CiviWiki" */ = {
			isa = XCConfigurationList;
			buildConfigurations = (
				15371F181728E3B400A508F4 /* Debug */,
				15371F191728E3B400A508F4 /* Release */,
			);
			defaultConfigurationIsVisible = 0;
			defaultConfigurationName = Release;
		};
		15371F1A1728E3B400A508F4 /* Build configuration list for PBXNativeTarget "CiviWiki" */ = {
			isa = XCConfigurationList;
			buildConfigurations = (
				15371F1B1728E3B400A508F4 /* Debug */,
				15371F1C1728E3B400A508F4 /* Release */,
			);
			defaultConfigurationIsVisible = 0;
			defaultConfigurationName = Release;
		};
		15371F1D1728E3B400A508F4 /* Build configuration list for PBXNativeTarget "CiviWikiTests" */ = {
			isa = XCConfigurationList;
			buildConfigurations = (
				15371F1E1728E3B400A508F4 /* Debug */,
				15371F1F1728E3B400A508F4 /* Release */,
			);
			defaultConfigurationIsVisible = 0;
			defaultConfigurationName = Release;
		};
/* End XCConfigurationList section */
	};
	rootObject = 15371ED51728E3B400A508F4 /* Project object */;
}
